<?xml version="1.0" encoding="utf-8"?>
<Project ToolsVersion="4.0" xmlns="http://schemas.microsoft.com/developer/msbuild/2003">
  <ItemGroup>
    <Filter Include="Base">
      <UniqueIdentifier>{9fbf8182-4a5f-4857-97ee-6d0a2c055057}</UniqueIdentifier>
    </Filter>
    <Filter Include="1. Thread">
      <UniqueIdentifier>{c883179a-199e-441e-be4e-86c0e2a5f1fe}</UniqueIdentifier>
    </Filter>
  </ItemGroup>
  <ItemGroup>
    <ClCompile Include="DGNetwork_stdafx.cpp">
      <Filter>Base</Filter>
    </ClCompile>
    <ClCompile Include="singleton.cpp">
      <Filter>Base</Filter>
    </ClCompile>
    <ClCompile Include="thread_manager.cpp">
      <Filter>1. Thread</Filter>
    </ClCompile>
  </ItemGroup>
  <ItemGroup>
    <ClInclude Include="DGNetwork_stdafx.h">
      <Filter>Base</Filter>
    </ClInclude>
    <ClInclude Include="singleton.h">
      <Filter>Base</Filter>
    </ClInclude>
    <ClInclude Include="macro.h">
      <Filter>Base</Filter>
    </ClInclude>
    <ClInclude Include="thread_manager.h">
      <Filter>1. Thread</Filter>
    </ClInclude>
  </ItemGroup>
  <ItemGroup>
    <None Include="singleton.inl">
      <Filter>Base</Filter>
    </None>
  </ItemGroup>
</Project>