<?xml version="1.0" encoding="utf-8"?>
<Project ToolsVersion="4.0" xmlns="http://schemas.microsoft.com/developer/msbuild/2003">
  <ItemGroup>
    <Filter Include="Base">
      <UniqueIdentifier>{9fbf8182-4a5f-4857-97ee-6d0a2c055057}</UniqueIdentifier>
    </Filter>
    <Filter Include="1. Thread">
      <UniqueIdentifier>{c883179a-199e-441e-be4e-86c0e2a5f1fe}</UniqueIdentifier>
    </Filter>
    <Filter Include="2. Socket">
      <UniqueIdentifier>{cddf23c3-217b-4dfa-a5d1-9fa2d2b3e2a2}</UniqueIdentifier>
    </Filter>
    <Filter Include="2. Socket\1. UDP">
      <UniqueIdentifier>{8ba4d972-5472-4c69-943a-9debb529a61e}</UniqueIdentifier>
    </Filter>
    <Filter Include="2. Socket\2. TCP">
      <UniqueIdentifier>{c85351b6-0082-4d0f-8364-23423787b62e}</UniqueIdentifier>
    </Filter>
    <Filter Include="3. Stream">
      <UniqueIdentifier>{24638972-4179-4f5c-b8e6-253e2b852725}</UniqueIdentifier>
    </Filter>
    <Filter Include="3. Stream\1. MemoryStream">
      <UniqueIdentifier>{5f3a6de6-a76a-46ad-9169-3099698a6bdb}</UniqueIdentifier>
    </Filter>
    <Filter Include="3. Stream\2. ByteSwap">
      <UniqueIdentifier>{1d999510-26dd-4bca-aba2-9f9de50fc410}</UniqueIdentifier>
    </Filter>
    <Filter Include="4. Server">
      <UniqueIdentifier>{d8f3fea7-db11-46e2-ab8c-175c81c80a02}</UniqueIdentifier>
    </Filter>
    <Filter Include="5. Replication">
      <UniqueIdentifier>{655cea35-ec31-40f8-bcbc-8bca24933255}</UniqueIdentifier>
    </Filter>
    <Filter Include="3. Stream\3. LinkingContext">
      <UniqueIdentifier>{956aa459-0c9c-4a3d-9b74-134a54c67352}</UniqueIdentifier>
    </Filter>
  </ItemGroup>
  <ItemGroup>
    <ClCompile Include="DGNetwork_stdafx.cpp">
      <Filter>Base</Filter>
    </ClCompile>
    <ClCompile Include="thread_manager.cpp">
      <Filter>1. Thread</Filter>
    </ClCompile>
    <ClCompile Include="thread.cpp">
      <Filter>1. Thread</Filter>
    </ClCompile>
    <ClCompile Include="singleton_temp.cpp">
      <Filter>Base</Filter>
    </ClCompile>
    <ClCompile Include="socket_manager.cpp">
      <Filter>2. Socket</Filter>
    </ClCompile>
    <ClCompile Include="socket_address.cpp">
      <Filter>2. Socket</Filter>
    </ClCompile>
    <ClCompile Include="UDP_socket.cpp">
      <Filter>2. Socket\1. UDP</Filter>
    </ClCompile>
    <ClCompile Include="TCP_socket.cpp">
      <Filter>2. Socket\2. TCP</Filter>
    </ClCompile>
    <ClCompile Include="byte_swap.cpp">
      <Filter>3. Stream\2. ByteSwap</Filter>
    </ClCompile>
    <ClCompile Include="server_manager.cpp">
      <Filter>4. Server</Filter>
    </ClCompile>
    <ClCompile Include="input_memory_stream.cpp">
      <Filter>3. Stream\1. MemoryStream</Filter>
    </ClCompile>
    <ClCompile Include="output_memory_stream.cpp">
      <Filter>3. Stream\1. MemoryStream</Filter>
    </ClCompile>
  </ItemGroup>
  <ItemGroup>
    <ClInclude Include="DGNetwork_stdafx.h">
      <Filter>Base</Filter>
    </ClInclude>
    <ClInclude Include="macro.h">
      <Filter>Base</Filter>
    </ClInclude>
    <ClInclude Include="thread_manager.h">
      <Filter>1. Thread</Filter>
    </ClInclude>
    <ClInclude Include="thread.h">
      <Filter>1. Thread</Filter>
    </ClInclude>
    <ClInclude Include="singleton_temp.h">
      <Filter>Base</Filter>
    </ClInclude>
    <ClInclude Include="socket_manager.h">
      <Filter>2. Socket</Filter>
    </ClInclude>
    <ClInclude Include="socket_address.h">
      <Filter>2. Socket</Filter>
    </ClInclude>
    <ClInclude Include="UDP_socket.h">
      <Filter>2. Socket\1. UDP</Filter>
    </ClInclude>
    <ClInclude Include="TCP_socket.h">
      <Filter>2. Socket\2. TCP</Filter>
    </ClInclude>
    <ClInclude Include="byte_swap.h">
      <Filter>3. Stream\2. ByteSwap</Filter>
    </ClInclude>
    <ClInclude Include="server_manager.h">
      <Filter>4. Server</Filter>
    </ClInclude>
    <ClInclude Include="input_memory_stream.h">
      <Filter>3. Stream\1. MemoryStream</Filter>
    </ClInclude>
    <ClInclude Include="output_memory_stream.h">
      <Filter>3. Stream\1. MemoryStream</Filter>
    </ClInclude>
  </ItemGroup>
  <ItemGroup>
    <None Include="singleton_temp.inl">
      <Filter>Base</Filter>
    </None>
    <None Include="byte_swap.inl">
      <Filter>3. Stream\2. ByteSwap</Filter>
    </None>
    <None Include="output_memory_stream.inl">
      <Filter>3. Stream\1. MemoryStream</Filter>
    </None>
    <None Include="input_memory_stream.inl">
      <Filter>3. Stream\1. MemoryStream</Filter>
    </None>
  </ItemGroup>
</Project>