
Microsoft Visual Studio Solution File, Format Version 12.00
# Visual Studio 15
VisualStudioVersion = 15.0.28010.2026
MinimumVisualStudioVersion = 10.0.40219.1
Project("{2150E333-8FDC-42A3-9474-1A3956D46DE8}") = "1. Client", "1. Client", "{70712F54-0752-4454-80B4-621F1C248BE4}"
EndProject
Project("{2150E333-8FDC-42A3-9474-1A3956D46DE8}") = "3. Engine", "3. Engine", "{0EFDFF74-A311-4D88-853E-54EFD69C8EFA}"
EndProject
Project("{8BC9CEB8-8B4A-11D0-8D11-00A0C91BC942}") = "DGClient", "DGClient\Inc\DGClient.vcxproj", "{7B8120ED-B883-439E-B46D-91B7E982866B}"
EndProject
Project("{8BC9CEB8-8B4A-11D0-8D11-00A0C91BC942}") = "DGEngine", "DGEngine\Inc\DGEngine.vcxproj", "{EFD61888-0041-4871-A825-48556D5038B5}"
EndProject
Project("{2150E333-8FDC-42A3-9474-1A3956D46DE8}") = "Solution Items", "Solution Items", "{DD2E57B1-615B-4BAA-948C-7FED8A1F774A}"
	ProjectSection(SolutionItems) = preProject
		DGEngine.bat = DGEngine.bat
		DGMath.bat = DGMath.bat
		DGNetwork.bat = DGNetwork.bat
		extension.txt = extension.txt
	EndProjectSection
EndProject
Project("{2150E333-8FDC-42A3-9474-1A3956D46DE8}") = "4. Math", "4. Math", "{018A0FF1-BB39-400E-AB00-A20C3F4D69AA}"
EndProject
Project("{8BC9CEB8-8B4A-11D0-8D11-00A0C91BC942}") = "DGMath", "DGMath\Inc\DGMath.vcxproj", "{A3E30F05-35F9-4F1D-B625-53E29D205378}"
EndProject
Project("{8BC9CEB8-8B4A-11D0-8D11-00A0C91BC942}") = "DirectXTK_Desktop_2017_Win10", "DirectXTK\DirectXTK_Desktop_2017_Win10.vcxproj", "{E0B52AE7-E160-4D32-BF3F-910B785E5A8E}"
EndProject
Project("{2150E333-8FDC-42A3-9474-1A3956D46DE8}") = "5. Network", "5. Network", "{0650E8D1-3A54-4A40-8B97-4F92F0703DB2}"
EndProject
Project("{8BC9CEB8-8B4A-11D0-8D11-00A0C91BC942}") = "DGNetwork", "DGNetwork\Inc\DGNetwork.vcxproj", "{39E14631-9D05-4394-A154-5EF874738A6C}"
EndProject
Project("{2150E333-8FDC-42A3-9474-1A3956D46DE8}") = "2. Server", "2. Server", "{199AF869-E464-4B84-9CDF-A087A7F392DB}"
EndProject
Project("{8BC9CEB8-8B4A-11D0-8D11-00A0C91BC942}") = "DGServer", "DGServer\Inc\DGServer.vcxproj", "{8E1714AB-45C2-4A3F-A233-56ADD7244EBE}"
EndProject
Global
	GlobalSection(SolutionConfigurationPlatforms) = preSolution
		Debug|x64 = Debug|x64
		Debug|x86 = Debug|x86
		Release|x64 = Release|x64
		Release|x86 = Release|x86
	EndGlobalSection
	GlobalSection(ProjectConfigurationPlatforms) = postSolution
		{7B8120ED-B883-439E-B46D-91B7E982866B}.Debug|x64.ActiveCfg = Debug|x64
		{7B8120ED-B883-439E-B46D-91B7E982866B}.Debug|x64.Build.0 = Debug|x64
		{7B8120ED-B883-439E-B46D-91B7E982866B}.Debug|x86.ActiveCfg = Debug|Win32
		{7B8120ED-B883-439E-B46D-91B7E982866B}.Debug|x86.Build.0 = Debug|Win32
		{7B8120ED-B883-439E-B46D-91B7E982866B}.Release|x64.ActiveCfg = Release|x64
		{7B8120ED-B883-439E-B46D-91B7E982866B}.Release|x64.Build.0 = Release|x64
		{7B8120ED-B883-439E-B46D-91B7E982866B}.Release|x86.ActiveCfg = Release|Win32
		{7B8120ED-B883-439E-B46D-91B7E982866B}.Release|x86.Build.0 = Release|Win32
		{EFD61888-0041-4871-A825-48556D5038B5}.Debug|x64.ActiveCfg = Debug|x64
		{EFD61888-0041-4871-A825-48556D5038B5}.Debug|x64.Build.0 = Debug|x64
		{EFD61888-0041-4871-A825-48556D5038B5}.Debug|x86.ActiveCfg = Debug|Win32
		{EFD61888-0041-4871-A825-48556D5038B5}.Debug|x86.Build.0 = Debug|Win32
		{EFD61888-0041-4871-A825-48556D5038B5}.Release|x64.ActiveCfg = Release|x64
		{EFD61888-0041-4871-A825-48556D5038B5}.Release|x64.Build.0 = Release|x64
		{EFD61888-0041-4871-A825-48556D5038B5}.Release|x86.ActiveCfg = Release|Win32
		{EFD61888-0041-4871-A825-48556D5038B5}.Release|x86.Build.0 = Release|Win32
		{A3E30F05-35F9-4F1D-B625-53E29D205378}.Debug|x64.ActiveCfg = Debug|x64
		{A3E30F05-35F9-4F1D-B625-53E29D205378}.Debug|x64.Build.0 = Debug|x64
		{A3E30F05-35F9-4F1D-B625-53E29D205378}.Debug|x86.ActiveCfg = Debug|Win32
		{A3E30F05-35F9-4F1D-B625-53E29D205378}.Debug|x86.Build.0 = Debug|Win32
		{A3E30F05-35F9-4F1D-B625-53E29D205378}.Release|x64.ActiveCfg = Release|x64
		{A3E30F05-35F9-4F1D-B625-53E29D205378}.Release|x64.Build.0 = Release|x64
		{A3E30F05-35F9-4F1D-B625-53E29D205378}.Release|x86.ActiveCfg = Release|Win32
		{A3E30F05-35F9-4F1D-B625-53E29D205378}.Release|x86.Build.0 = Release|Win32
		{E0B52AE7-E160-4D32-BF3F-910B785E5A8E}.Debug|x64.ActiveCfg = Debug|x64
		{E0B52AE7-E160-4D32-BF3F-910B785E5A8E}.Debug|x64.Build.0 = Debug|x64
		{E0B52AE7-E160-4D32-BF3F-910B785E5A8E}.Debug|x86.ActiveCfg = Debug|Win32
		{E0B52AE7-E160-4D32-BF3F-910B785E5A8E}.Debug|x86.Build.0 = Debug|Win32
		{E0B52AE7-E160-4D32-BF3F-910B785E5A8E}.Release|x64.ActiveCfg = Release|x64
		{E0B52AE7-E160-4D32-BF3F-910B785E5A8E}.Release|x64.Build.0 = Release|x64
		{E0B52AE7-E160-4D32-BF3F-910B785E5A8E}.Release|x86.ActiveCfg = Release|Win32
		{E0B52AE7-E160-4D32-BF3F-910B785E5A8E}.Release|x86.Build.0 = Release|Win32
		{39E14631-9D05-4394-A154-5EF874738A6C}.Debug|x64.ActiveCfg = Debug|x64
		{39E14631-9D05-4394-A154-5EF874738A6C}.Debug|x64.Build.0 = Debug|x64
		{39E14631-9D05-4394-A154-5EF874738A6C}.Debug|x86.ActiveCfg = Debug|Win32
		{39E14631-9D05-4394-A154-5EF874738A6C}.Debug|x86.Build.0 = Debug|Win32
		{39E14631-9D05-4394-A154-5EF874738A6C}.Release|x64.ActiveCfg = Release|x64
		{39E14631-9D05-4394-A154-5EF874738A6C}.Release|x64.Build.0 = Release|x64
		{39E14631-9D05-4394-A154-5EF874738A6C}.Release|x86.ActiveCfg = Release|Win32
		{39E14631-9D05-4394-A154-5EF874738A6C}.Release|x86.Build.0 = Release|Win32
		{8E1714AB-45C2-4A3F-A233-56ADD7244EBE}.Debug|x64.ActiveCfg = Debug|x64
		{8E1714AB-45C2-4A3F-A233-56ADD7244EBE}.Debug|x64.Build.0 = Debug|x64
		{8E1714AB-45C2-4A3F-A233-56ADD7244EBE}.Debug|x86.ActiveCfg = Debug|Win32
		{8E1714AB-45C2-4A3F-A233-56ADD7244EBE}.Debug|x86.Build.0 = Debug|Win32
		{8E1714AB-45C2-4A3F-A233-56ADD7244EBE}.Release|x64.ActiveCfg = Release|x64
		{8E1714AB-45C2-4A3F-A233-56ADD7244EBE}.Release|x64.Build.0 = Release|x64
		{8E1714AB-45C2-4A3F-A233-56ADD7244EBE}.Release|x86.ActiveCfg = Release|Win32
		{8E1714AB-45C2-4A3F-A233-56ADD7244EBE}.Release|x86.Build.0 = Release|Win32
	EndGlobalSection
	GlobalSection(SolutionProperties) = preSolution
		HideSolutionNode = FALSE
	EndGlobalSection
	GlobalSection(NestedProjects) = preSolution
		{7B8120ED-B883-439E-B46D-91B7E982866B} = {70712F54-0752-4454-80B4-621F1C248BE4}
		{EFD61888-0041-4871-A825-48556D5038B5} = {0EFDFF74-A311-4D88-853E-54EFD69C8EFA}
		{A3E30F05-35F9-4F1D-B625-53E29D205378} = {018A0FF1-BB39-400E-AB00-A20C3F4D69AA}
		{39E14631-9D05-4394-A154-5EF874738A6C} = {0650E8D1-3A54-4A40-8B97-4F92F0703DB2}
		{8E1714AB-45C2-4A3F-A233-56ADD7244EBE} = {199AF869-E464-4B84-9CDF-A087A7F392DB}
	EndGlobalSection
	GlobalSection(ExtensibilityGlobals) = postSolution
		SolutionGuid = {122886D7-43F3-4F8E-ACEE-13D254C5DEC5}
	EndGlobalSection
EndGlobal
