<?xml version="1.0" encoding="utf-8"?>
<Project ToolsVersion="4.0" xmlns="http://schemas.microsoft.com/developer/msbuild/2003">
  <ItemGroup>
    <Filter Include="Base">
      <UniqueIdentifier>{e41b1a9e-ff3e-46c4-97ce-6d74e436b96b}</UniqueIdentifier>
    </Filter>
    <Filter Include="Resource">
      <UniqueIdentifier>{4fbb9e0b-c33c-4f8e-89ae-ed26437e362f}</UniqueIdentifier>
    </Filter>
    <Filter Include="1. SceneComponent">
      <UniqueIdentifier>{dba2eb4e-9190-460e-a12d-d42b6737ed70}</UniqueIdentifier>
    </Filter>
    <Filter Include="2. UserComponent">
      <UniqueIdentifier>{83b3070b-a78f-4cb2-a452-082193bf537b}</UniqueIdentifier>
    </Filter>
  </ItemGroup>
  <ItemGroup>
    <ClInclude Include="DGClient_stdafx.h">
      <Filter>Base</Filter>
    </ClInclude>
    <ClInclude Include="resource.h">
      <Filter>Resource</Filter>
    </ClInclude>
    <ClInclude Include="UserComponent\player_component.h">
      <Filter>2. UserComponent</Filter>
    </ClInclude>
    <ClInclude Include="SceneComponent\main_scene_component.h">
      <Filter>1. SceneComponent</Filter>
    </ClInclude>
    <ClInclude Include="UserComponent\monster_component.h">
      <Filter>2. UserComponent</Filter>
    </ClInclude>
    <ClInclude Include="UserComponent\missile_component.h">
      <Filter>2. UserComponent</Filter>
    </ClInclude>
  </ItemGroup>
  <ItemGroup>
    <ClCompile Include="DGClient_stdafx.cpp">
      <Filter>Base</Filter>
    </ClCompile>
    <ClCompile Include="DGClient.cpp" />
    <ClCompile Include="UserComponent\player_component.cpp">
      <Filter>2. UserComponent</Filter>
    </ClCompile>
    <ClCompile Include="SceneComponent\main_scene_component.cpp">
      <Filter>1. SceneComponent</Filter>
    </ClCompile>
    <ClCompile Include="UserComponent\monster_component.cpp">
      <Filter>2. UserComponent</Filter>
    </ClCompile>
    <ClCompile Include="UserComponent\missile_component.cpp">
      <Filter>2. UserComponent</Filter>
    </ClCompile>
  </ItemGroup>
  <ItemGroup>
    <ResourceCompile Include="DGClient.rc">
      <Filter>Resource</Filter>
    </ResourceCompile>
  </ItemGroup>
  <ItemGroup>
    <Image Include="icon1.ico">
      <Filter>Resource</Filter>
    </Image>
  </ItemGroup>
</Project>